// !$*UTF8*$!
{
	archiveVersion = 1;
	classes = {
	};
	objectVersion = 77;
	objects = {

/* Begin PBXContainerItemProxy section */
		5F6294862CEF0F2B008D0599 /* PBXContainerItemProxy */ = {
			isa = PBXContainerItemProxy;
			containerPortal = 5F6294692CEF0F29008D0599 /* Project object */;
			proxyType = 1;
			remoteGlobalIDString = 5F6294702CEF0F29008D0599;
			remoteInfo = HabitFin;
		};
		5F6294902CEF0F2B008D0599 /* PBXContainerItemProxy */ = {
			isa = PBXContainerItemProxy;
			containerPortal = 5F6294692CEF0F29008D0599 /* Project object */;
			proxyType = 1;
			remoteGlobalIDString = 5F6294702CEF0F29008D0599;
			remoteInfo = HabitFin;
		};
/* End PBXContainerItemProxy section */

/* Begin PBXFileReference section */
		5F6294712CEF0F29008D0599 /* HabitFin.app */ = {isa = PBXFileReference; explicitFileType = wrapper.application; includeInIndex = 0; path = HabitFin.app; sourceTree = BUILT_PRODUCTS_DIR; };
		5F6294852CEF0F2B008D0599 /* HabitFinTests.xctest */ = {isa = PBXFileReference; explicitFileType = wrapper.cfbundle; includeInIndex = 0; path = HabitFinTests.xctest; sourceTree = BUILT_PRODUCTS_DIR; };
		5F62948F2CEF0F2B008D0599 /* HabitFinUITests.xctest */ = {isa = PBXFileReference; explicitFileType = wrapper.cfbundle; includeInIndex = 0; path = HabitFinUITests.xctest; sourceTree = BUILT_PRODUCTS_DIR; };
/* End PBXFileReference section */

/* Begin PBXFileSystemSynchronizedBuildFileExceptionSet section */
		5F6294972CEF0F2B008D0599 /* Exceptions for "HabitFin" folder in "HabitFin" target */ = {
			isa = PBXFileSystemSynchronizedBuildFileExceptionSet;
			membershipExceptions = (
				Info.plist,
			);
			target = 5F6294702CEF0F29008D0599 /* HabitFin */;
		};
/* End PBXFileSystemSynchronizedBuildFileExceptionSet section */

/* Begin PBXFileSystemSynchronizedRootGroup section */
		5F6294732CEF0F29008D0599 /* HabitFin */ = {
			isa = PBXFileSystemSynchronizedRootGroup;
			exceptions = (
				5F6294972CEF0F2B008D0599 /* Exceptions for "HabitFin" folder in "HabitFin" target */,
			);
			path = HabitFin;
			sourceTree = "<group>";
		};
		5F6294882CEF0F2B008D0599 /* HabitFinTests */ = {
			isa = PBXFileSystemSynchronizedRootGroup;
			path = HabitFinTests;
			sourceTree = "<group>";
		};
		5F6294922CEF0F2B008D0599 /* HabitFinUITests */ = {
			isa = PBXFileSystemSynchronizedRootGroup;
			path = HabitFinUITests;
			sourceTree = "<group>";
		};
/* End PBXFileSystemSynchronizedRootGroup section */

/* Begin PBXFrameworksBuildPhase section */
		5F62946E2CEF0F29008D0599 /* Frameworks */ = {
			isa = PBXFrameworksBuildPhase;
			buildActionMask = 2147483647;
			files = (
			);
			runOnlyForDeploymentPostprocessing = 0;
		};
		5F6294822CEF0F2B008D0599 /* Frameworks */ = {
			isa = PBXFrameworksBuildPhase;
			buildActionMask = 2147483647;
			files = (
			);
			runOnlyForDeploymentPostprocessing = 0;
		};
		5F62948C2CEF0F2B008D0599 /* Frameworks */ = {
			isa = PBXFrameworksBuildPhase;
			buildActionMask = 2147483647;
			files = (
			);
			runOnlyForDeploymentPostprocessing = 0;
		};
/* End PBXFrameworksBuildPhase section */

/* Begin PBXGroup section */
		5F6294682CEF0F29008D0599 = {
			isa = PBXGroup;
			children = (
				5F6294732CEF0F29008D0599 /* HabitFin */,
				5F6294882CEF0F2B008D0599 /* HabitFinTests */,
				5F6294922CEF0F2B008D0599 /* HabitFinUITests */,
				5F6294722CEF0F29008D0599 /* Products */,
			);
			sourceTree = "<group>";
		};
		5F6294722CEF0F29008D0599 /* Products */ = {
			isa = PBXGroup;
			children = (
				5F6294712CEF0F29008D0599 /* HabitFin.app */,
				5F6294852CEF0F2B008D0599 /* HabitFinTests.xctest */,
				5F62948F2CEF0F2B008D0599 /* HabitFinUITests.xctest */,
			);
			name = Products;
			sourceTree = "<group>";
		};
/* End PBXGroup section */

/* Begin PBXNativeTarget section */
		5F6294702CEF0F29008D0599 /* HabitFin */ = {
			isa = PBXNativeTarget;
			buildConfigurationList = 5F6294982CEF0F2B008D0599 /* Build configuration list for PBXNativeTarget "HabitFin" */;
			buildPhases = (
				5F62946D2CEF0F29008D0599 /* Sources */,
				5F62946E2CEF0F29008D0599 /* Frameworks */,
				5F62946F2CEF0F29008D0599 /* Resources */,
			);
			buildRules = (
			);
			dependencies = (
			);
			fileSystemSynchronizedGroups = (
				5F6294732CEF0F29008D0599 /* HabitFin */,
			);
			name = HabitFin;
			packageProductDependencies = (
			);
			productName = HabitFin;
			productReference = 5F6294712CEF0F29008D0599 /* HabitFin.app */;
			productType = "com.apple.product-type.application";
		};
		5F6294842CEF0F2B008D0599 /* HabitFinTests */ = {
			isa = PBXNativeTarget;
			buildConfigurationList = 5F62949D2CEF0F2B008D0599 /* Build configuration list for PBXNativeTarget "HabitFinTests" */;
			buildPhases = (
				5F6294812CEF0F2B008D0599 /* Sources */,
				5F6294822CEF0F2B008D0599 /* Frameworks */,
				5F6294832CEF0F2B008D0599 /* Resources */,
			);
			buildRules = (
			);
			dependencies = (
				5F6294872CEF0F2B008D0599 /* PBXTargetDependency */,
			);
			fileSystemSynchronizedGroups = (
				5F6294882CEF0F2B008D0599 /* HabitFinTests */,
			);
			name = HabitFinTests;
			packageProductDependencies = (
			);
			productName = HabitFinTests;
			productReference = 5F6294852CEF0F2B008D0599 /* HabitFinTests.xctest */;
			productType = "com.apple.product-type.bundle.unit-test";
		};
		5F62948E2CEF0F2B008D0599 /* HabitFinUITests */ = {
			isa = PBXNativeTarget;
			buildConfigurationList = 5F6294A02CEF0F2B008D0599 /* Build configuration list for PBXNativeTarget "HabitFinUITests" */;
			buildPhases = (
				5F62948B2CEF0F2B008D0599 /* Sources */,
				5F62948C2CEF0F2B008D0599 /* Frameworks */,
				5F62948D2CEF0F2B008D0599 /* Resources */,
			);
			buildRules = (
			);
			dependencies = (
				5F6294912CEF0F2B008D0599 /* PBXTargetDependency */,
			);
			fileSystemSynchronizedGroups = (
				5F6294922CEF0F2B008D0599 /* HabitFinUITests */,
			);
			name = HabitFinUITests;
			packageProductDependencies = (
			);
			productName = HabitFinUITests;
			productReference = 5F62948F2CEF0F2B008D0599 /* HabitFinUITests.xctest */;
			productType = "com.apple.product-type.bundle.ui-testing";
		};
/* End PBXNativeTarget section */

/* Begin PBXProject section */
		5F6294692CEF0F29008D0599 /* Project object */ = {
			isa = PBXProject;
			attributes = {
				BuildIndependentTargetsInParallel = 1;
				LastSwiftUpdateCheck = 1610;
				LastUpgradeCheck = 1610;
				TargetAttributes = {
					5F6294702CEF0F29008D0599 = {
						CreatedOnToolsVersion = 16.1;
					};
					5F6294842CEF0F2B008D0599 = {
						CreatedOnToolsVersion = 16.1;
						TestTargetID = 5F6294702CEF0F29008D0599;
					};
					5F62948E2CEF0F2B008D0599 = {
						CreatedOnToolsVersion = 16.1;
						TestTargetID = 5F6294702CEF0F29008D0599;
					};
				};
			};
			buildConfigurationList = 5F62946C2CEF0F29008D0599 /* Build configuration list for PBXProject "HabitFin" */;
			developmentRegion = en;
			hasScannedForEncodings = 0;
			knownRegions = (
				en,
				Base,
			);
			mainGroup = 5F6294682CEF0F29008D0599;
			minimizedProjectReferenceProxies = 1;
			preferredProjectObjectVersion = 77;
			productRefGroup = 5F6294722CEF0F29008D0599 /* Products */;
			projectDirPath = "";
			projectRoot = "";
			targets = (
				5F6294702CEF0F29008D0599 /* HabitFin */,
				5F6294842CEF0F2B008D0599 /* HabitFinTests */,
				5F62948E2CEF0F2B008D0599 /* HabitFinUITests */,
			);
		};
/* End PBXProject section */

/* Begin PBXResourcesBuildPhase section */
		5F62946F2CEF0F29008D0599 /* Resources */ = {
			isa = PBXResourcesBuildPhase;
			buildActionMask = 2147483647;
			files = (
			);
			runOnlyForDeploymentPostprocessing = 0;
		};
		5F6294832CEF0F2B008D0599 /* Resources */ = {
			isa = PBXResourcesBuildPhase;
			buildActionMask = 2147483647;
			files = (
			);
			runOnlyForDeploymentPostprocessing = 0;
		};
		5F62948D2CEF0F2B008D0599 /* Resources */ = {
			isa = PBXResourcesBuildPhase;
			buildActionMask = 2147483647;
			files = (
			);
			runOnlyForDeploymentPostprocessing = 0;
		};
/* End PBXResourcesBuildPhase section */

/* Begin PBXSourcesBuildPhase section */
		5F62946D2CEF0F29008D0599 /* Sources */ = {
			isa = PBXSourcesBuildPhase;
			buildActionMask = 2147483647;
			files = (
			);
			runOnlyForDeploymentPostprocessing = 0;
		};
		5F6294812CEF0F2B008D0599 /* Sources */ = {
			isa = PBXSourcesBuildPhase;
			buildActionMask = 2147483647;
			files = (
			);
			runOnlyForDeploymentPostprocessing = 0;
		};
		5F62948B2CEF0F2B008D0599 /* Sources */ = {
			isa = PBXSourcesBuildPhase;
			buildActionMask = 2147483647;
			files = (
			);
			runOnlyForDeploymentPostprocessing = 0;
		};
/* End PBXSourcesBuildPhase section */

/* Begin PBXTargetDependency section */
		5F6294872CEF0F2B008D0599 /* PBXTargetDependency */ = {
			isa = PBXTargetDependency;
			target = 5F6294702CEF0F29008D0599 /* HabitFin */;
			targetProxy = 5F6294862CEF0F2B008D0599 /* PBXContainerItemProxy */;
		};
		5F6294912CEF0F2B008D0599 /* PBXTargetDependency */ = {
			isa = PBXTargetDependency;
			target = 5F6294702CEF0F29008D0599 /* HabitFin */;
			targetProxy = 5F6294902CEF0F2B008D0599 /* PBXContainerItemProxy */;
		};
/* End PBXTargetDependency section */

/* Begin XCBuildConfiguration section */
		5F6294992CEF0F2B008D0599 /* Debug */ = {
			isa = XCBuildConfiguration;
			buildSettings = {
				ASSETCATALOG_COMPILER_APPICON_NAME = AppIcon;
				ASSETCATALOG_COMPILER_GLOBAL_ACCENT_COLOR_NAME = AccentColor;
				CODE_SIGN_ENTITLEMENTS = HabitFin/HabitFin.entitlements;
				CODE_SIGN_STYLE = Automatic;
				CURRENT_PROJECT_VERSION = 1;
				DEVELOPMENT_ASSET_PATHS = "\"HabitFin/Preview Content\"";
				DEVELOPMENT_TEAM = U26D68LJRK;
				ENABLE_PREVIEWS = YES;
				GENERATE_INFOPLIST_FILE = YES;
				INFOPLIST_FILE = HabitFin/Info.plist;
				INFOPLIST_KEY_UIApplicationSceneManifest_Generation = YES;
				INFOPLIST_KEY_UIApplicationSupportsIndirectInputEvents = YES;
				INFOPLIST_KEY_UILaunchScreen_Generation = YES;
				INFOPLIST_KEY_UISupportedInterfaceOrientations_iPad = "UIInterfaceOrientationPortrait UIInterfaceOrientationPortraitUpsideDown UIInterfaceOrientationLandscapeLeft UIInterfaceOrientationLandscapeRight";
				INFOPLIST_KEY_UISupportedInterfaceOrientations_iPhone = "UIInterfaceOrientationPortrait UIInterfaceOrientationLandscapeLeft UIInterfaceOrientationLandscapeRight";
				LD_RUNPATH_SEARCH_PATHS = (
					"$(inherited)",
					"@executable_path/Frameworks",
				);
				MARKETING_VERSION = 1.0;
				PRODUCT_BUNDLE_IDENTIFIER = com.gaijinquest.HabitFin;
				PRODUCT_NAME = "$(TARGET_NAME)";
				SWIFT_EMIT_LOC_STRINGS = YES;
				SWIFT_VERSION = 5.0;
				TARGETED_DEVICE_FAMILY = "1,2";
			};
			name = Debug;
		};
		5F62949A2CEF0F2B008D0599 /* Release */ = {
			isa = XCBuildConfiguration;
			buildSettings = {
				ASSETCATALOG_COMPILER_APPICON_NAME = AppIcon;
				ASSETCATALOG_COMPILER_GLOBAL_ACCENT_COLOR_NAME = AccentColor;
				CODE_SIGN_ENTITLEMENTS = HabitFin/HabitFin.entitlements;
				CODE_SIGN_STYLE = Automatic;
				CURRENT_PROJECT_VERSION = 1;
				DEVELOPMENT_ASSET_PATHS = "\"HabitFin/Preview Content\"";
				DEVELOPMENT_TEAM = U26D68LJRK;
				ENABLE_PREVIEWS = YES;
				GENERATE_INFOPLIST_FILE = YES;
				INFOPLIST_FILE = HabitFin/Info.plist;
				INFOPLIST_KEY_UIApplicationSceneManifest_Generation = YES;
				INFOPLIST_KEY_UIApplicationSupportsIndirectInputEvents = YES;
				INFOPLIST_KEY_UILaunchScreen_Generation = YES;
				INFOPLIST_KEY_UISupportedInterfaceOrientations_iPad = "UIInterfaceOrientationPortrait UIInterfaceOrientationPortraitUpsideDown UIInterfaceOrientationLandscapeLeft UIInterfaceOrientationLandscapeRight";
				INFOPLIST_KEY_UISupportedInterfaceOrientations_iPhone = "UIInterfaceOrientationPortrait UIInterfaceOrientationLandscapeLeft UIInterfaceOrientationLandscapeRight";
				LD_RUNPATH_SEARCH_PATHS = (
					"$(inherited)",
					"@executable_path/Frameworks",
				);
				MARKETING_VERSION = 1.0;
				PRODUCT_BUNDLE_IDENTIFIER = com.gaijinquest.HabitFin;
				PRODUCT_NAME = "$(TARGET_NAME)";
				SWIFT_EMIT_LOC_STRINGS = YES;
				SWIFT_VERSION = 5.0;
				TARGETED_DEVICE_FAMILY = "1,2";
			};
			name = Release;
		};
		5F62949B2CEF0F2B008D0599 /* Debug */ = {
			isa = XCBuildConfiguration;
			buildSettings = {
				ALWAYS_SEARCH_USER_PATHS = NO;
				ASSETCATALOG_COMPILER_GENERATE_SWIFT_ASSET_SYMBOL_EXTENSIONS = YES;
				CLANG_ANALYZER_NONNULL = YES;
				CLANG_ANALYZER_NUMBER_OBJECT_CONVERSION = YES_AGGRESSIVE;
				CLANG_CXX_LANGUAGE_STANDARD = "gnu++20";
				CLANG_ENABLE_MODULES = YES;
				CLANG_ENABLE_OBJC_ARC = YES;
				CLANG_ENABLE_OBJC_WEAK = YES;
				CLANG_WARN_BLOCK_CAPTURE_AUTORELEASING = YES;
				CLANG_WARN_BOOL_CONVERSION = YES;
				CLANG_WARN_COMMA = YES;
				CLANG_WARN_CONSTANT_CONVERSION = YES;
				CLANG_WARN_DEPRECATED_OBJC_IMPLEMENTATIONS = YES;
				CLANG_WARN_DIRECT_OBJC_ISA_USAGE = YES_ERROR;
				CLANG_WARN_DOCUMENTATION_COMMENTS = YES;
				CLANG_WARN_EMPTY_BODY = YES;
				CLANG_WARN_ENUM_CONVERSION = YES;
				CLANG_WARN_INFINITE_RECURSION = YES;
				CLANG_WARN_INT_CONVERSION = YES;
				CLANG_WARN_NON_LITERAL_NULL_CONVERSION = YES;
				CLANG_WARN_OBJC_IMPLICIT_RETAIN_SELF = YES;
				CLANG_WARN_OBJC_LITERAL_CONVERSION = YES;
				CLANG_WARN_OBJC_ROOT_CLASS = YES_ERROR;
				CLANG_WARN_QUOTED_INCLUDE_IN_FRAMEWORK_HEADER = YES;
				CLANG_WARN_RANGE_LOOP_ANALYSIS = YES;
				CLANG_WARN_STRICT_PROTOTYPES = YES;
				CLANG_WARN_SUSPICIOUS_MOVE = YES;
				CLANG_WARN_UNGUARDED_AVAILABILITY = YES_AGGRESSIVE;
				CLANG_WARN_UNREACHABLE_CODE = YES;
				CLANG_WARN__DUPLICATE_METHOD_MATCH = YES;
				COPY_PHASE_STRIP = NO;
				DEBUG_INFORMATION_FORMAT = dwarf;
				ENABLE_STRICT_OBJC_MSGSEND = YES;
				ENABLE_TESTABILITY = YES;
				ENABLE_USER_SCRIPT_SANDBOXING = YES;
				GCC_C_LANGUAGE_STANDARD = gnu17;
				GCC_DYNAMIC_NO_PIC = NO;
				GCC_NO_COMMON_BLOCKS = YES;
				GCC_OPTIMIZATION_LEVEL = 0;
				GCC_PREPROCESSOR_DEFINITIONS = (
					"DEBUG=1",
					"$(inherited)",
				);
				GCC_WARN_64_TO_32_BIT_CONVERSION = YES;
				GCC_WARN_ABOUT_RETURN_TYPE = YES_ERROR;
				GCC_WARN_UNDECLARED_SELECTOR = YES;
				GCC_WARN_UNINITIALIZED_AUTOS = YES_AGGRESSIVE;
				GCC_WARN_UNUSED_FUNCTION = YES;
				GCC_WARN_UNUSED_VARIABLE = YES;
				IPHONEOS_DEPLOYMENT_TARGET = 18.1;
				LOCALIZATION_PREFERS_STRING_CATALOGS = YES;
				MTL_ENABLE_DEBUG_INFO = INCLUDE_SOURCE;
				MTL_FAST_MATH = YES;
				ONLY_ACTIVE_ARCH = YES;
				SDKROOT = iphoneos;
				SWIFT_ACTIVE_COMPILATION_CONDITIONS = "DEBUG $(inherited)";
				SWIFT_OPTIMIZATION_LEVEL = "-Onone";
			};
			name = Debug;
		};
		5F62949C2CEF0F2B008D0599 /* Release */ = {
			isa = XCBuildConfiguration;
			buildSettings = {
				ALWAYS_SEARCH_USER_PATHS = NO;
				ASSETCATALOG_COMPILER_GENERATE_SWIFT_ASSET_SYMBOL_EXTENSIONS = YES;
				CLANG_ANALYZER_NONNULL = YES;
				CLANG_ANALYZER_NUMBER_OBJECT_CONVERSION = YES_AGGRESSIVE;
				CLANG_CXX_LANGUAGE_STANDARD = "gnu++20";
				CLANG_ENABLE_MODULES = YES;
				CLANG_ENABLE_OBJC_ARC = YES;
				CLANG_ENABLE_OBJC_WEAK = YES;
				CLANG_WARN_BLOCK_CAPTURE_AUTORELEASING = YES;
				CLANG_WARN_BOOL_CONVERSION = YES;
				CLANG_WARN_COMMA = YES;
				CLANG_WARN_CONSTANT_CONVERSION = YES;
				CLANG_WARN_DEPRECATED_OBJC_IMPLEMENTATIONS = YES;
				CLANG_WARN_DIRECT_OBJC_ISA_USAGE = YES_ERROR;
				CLANG_WARN_DOCUMENTATION_COMMENTS = YES;
				CLANG_WARN_EMPTY_BODY = YES;
				CLANG_WARN_ENUM_CONVERSION = YES;
				CLANG_WARN_INFINITE_RECURSION = YES;
				CLANG_WARN_INT_CONVERSION = YES;
				CLANG_WARN_NON_LITERAL_NULL_CONVERSION = YES;
				CLANG_WARN_OBJC_IMPLICIT_RETAIN_SELF = YES;
				CLANG_WARN_OBJC_LITERAL_CONVERSION = YES;
				CLANG_WARN_OBJC_ROOT_CLASS = YES_ERROR;
				CLANG_WARN_QUOTED_INCLUDE_IN_FRAMEWORK_HEADER = YES;
				CLANG_WARN_RANGE_LOOP_ANALYSIS = YES;
				CLANG_WARN_STRICT_PROTOTYPES = YES;
				CLANG_WARN_SUSPICIOUS_MOVE = YES;
				CLANG_WARN_UNGUARDED_AVAILABILITY = YES_AGGRESSIVE;
				CLANG_WARN_UNREACHABLE_CODE = YES;
				CLANG_WARN__DUPLICATE_METHOD_MATCH = YES;
				COPY_PHASE_STRIP = NO;
				DEBUG_INFORMATION_FORMAT = "dwarf-with-dsym";
				ENABLE_NS_ASSERTIONS = NO;
				ENABLE_STRICT_OBJC_MSGSEND = YES;
				ENABLE_USER_SCRIPT_SANDBOXING = YES;
				GCC_C_LANGUAGE_STANDARD = gnu17;
				GCC_NO_COMMON_BLOCKS = YES;
				GCC_WARN_64_TO_32_BIT_CONVERSION = YES;
				GCC_WARN_ABOUT_RETURN_TYPE = YES_ERROR;
				GCC_WARN_UNDECLARED_SELECTOR = YES;
				GCC_WARN_UNINITIALIZED_AUTOS = YES_AGGRESSIVE;
				GCC_WARN_UNUSED_FUNCTION = YES;
				GCC_WARN_UNUSED_VARIABLE = YES;
				IPHONEOS_DEPLOYMENT_TARGET = 18.1;
				LOCALIZATION_PREFERS_STRING_CATALOGS = YES;
				MTL_ENABLE_DEBUG_INFO = NO;
				MTL_FAST_MATH = YES;
				SDKROOT = iphoneos;
				SWIFT_COMPILATION_MODE = wholemodule;
				VALIDATE_PRODUCT = YES;
			};
			name = Release;
		};
		5F62949E2CEF0F2B008D0599 /* Debug */ = {
			isa = XCBuildConfiguration;
			buildSettings = {
				BUNDLE_LOADER = "$(TEST_HOST)";
				CODE_SIGN_STYLE = Automatic;
				CURRENT_PROJECT_VERSION = 1;
				DEVELOPMENT_TEAM = U26D68LJRK;
				GENERATE_INFOPLIST_FILE = YES;
				IPHONEOS_DEPLOYMENT_TARGET = 18.1;
				MARKETING_VERSION = 1.0;
				PRODUCT_BUNDLE_IDENTIFIER = com.gaijinquest.HabitFinTests;
				PRODUCT_NAME = "$(TARGET_NAME)";
				SWIFT_EMIT_LOC_STRINGS = NO;
				SWIFT_VERSION = 5.0;
				TARGETED_DEVICE_FAMILY = "1,2";
				TEST_HOST = "$(BUILT_PRODUCTS_DIR)/HabitFin.app/$(BUNDLE_EXECUTABLE_FOLDER_PATH)/HabitFin";
			};
			name = Debug;
		};
		5F62949F2CEF0F2B008D0599 /* Release */ = {
			isa = XCBuildConfiguration;
			buildSettings = {
				BUNDLE_LOADER = "$(TEST_HOST)";
				CODE_SIGN_STYLE = Automatic;
				CURRENT_PROJECT_VERSION = 1;
				DEVELOPMENT_TEAM = U26D68LJRK;
				GENERATE_INFOPLIST_FILE = YES;
				IPHONEOS_DEPLOYMENT_TARGET = 18.1;
				MARKETING_VERSION = 1.0;
				PRODUCT_BUNDLE_IDENTIFIER = com.gaijinquest.HabitFinTests;
				PRODUCT_NAME = "$(TARGET_NAME)";
				SWIFT_EMIT_LOC_STRINGS = NO;
				SWIFT_VERSION = 5.0;
				TARGETED_DEVICE_FAMILY = "1,2";
				TEST_HOST = "$(BUILT_PRODUCTS_DIR)/HabitFin.app/$(BUNDLE_EXECUTABLE_FOLDER_PATH)/HabitFin";
			};
			name = Release;
		};
		5F6294A12CEF0F2B008D0599 /* Debug */ = {
			isa = XCBuildConfiguration;
			buildSettings = {
				CODE_SIGN_STYLE = Automatic;
				CURRENT_PROJECT_VERSION = 1;
				DEVELOPMENT_TEAM = U26D68LJRK;
				GENERATE_INFOPLIST_FILE = YES;
				MARKETING_VERSION = 1.0;
				PRODUCT_BUNDLE_IDENTIFIER = com.gaijinquest.HabitFinUITests;
				PRODUCT_NAME = "$(TARGET_NAME)";
				SWIFT_EMIT_LOC_STRINGS = NO;
				SWIFT_VERSION = 5.0;
				TARGETED_DEVICE_FAMILY = "1,2";
				TEST_TARGET_NAME = HabitFin;
			};
			name = Debug;
		};
		5F6294A22CEF0F2B008D0599 /* Release */ = {
			isa = XCBuildConfiguration;
			buildSettings = {
				CODE_SIGN_STYLE = Automatic;
				CURRENT_PROJECT_VERSION = 1;
				DEVELOPMENT_TEAM = U26D68LJRK;
				GENERATE_INFOPLIST_FILE = YES;
				MARKETING_VERSION = 1.0;
				PRODUCT_BUNDLE_IDENTIFIER = com.gaijinquest.HabitFinUITests;
				PRODUCT_NAME = "$(TARGET_NAME)";
				SWIFT_EMIT_LOC_STRINGS = NO;
				SWIFT_VERSION = 5.0;
				TARGETED_DEVICE_FAMILY = "1,2";
				TEST_TARGET_NAME = HabitFin;
			};
			name = Release;
		};
/* End XCBuildConfiguration section */

/* Begin XCConfigurationList section */
		5F62946C2CEF0F29008D0599 /* Build configuration list for PBXProject "HabitFin" */ = {
			isa = XCConfigurationList;
			buildConfigurations = (
				5F62949B2CEF0F2B008D0599 /* Debug */,
				5F62949C2CEF0F2B008D0599 /* Release */,
			);
			defaultConfigurationIsVisible = 0;
			defaultConfigurationName = Release;
		};
		5F6294982CEF0F2B008D0599 /* Build configuration list for PBXNativeTarget "HabitFin" */ = {
			isa = XCConfigurationList;
			buildConfigurations = (
				5F6294992CEF0F2B008D0599 /* Debug */,
				5F62949A2CEF0F2B008D0599 /* Release */,
			);
			defaultConfigurationIsVisible = 0;
			defaultConfigurationName = Release;
		};
		5F62949D2CEF0F2B008D0599 /* Build configuration list for PBXNativeTarget "HabitFinTests" */ = {
			isa = XCConfigurationList;
			buildConfigurations = (
				5F62949E2CEF0F2B008D0599 /* Debug */,
				5F62949F2CEF0F2B008D0599 /* Release */,
			);
			defaultConfigurationIsVisible = 0;
			defaultConfigurationName = Release;
		};
		5F6294A02CEF0F2B008D0599 /* Build configuration list for PBXNativeTarget "HabitFinUITests" */ = {
			isa = XCConfigurationList;
			buildConfigurations = (
				5F6294A12CEF0F2B008D0599 /* Debug */,
				5F6294A22CEF0F2B008D0599 /* Release */,
			);
			defaultConfigurationIsVisible = 0;
			defaultConfigurationName = Release;
		};
/* End XCConfigurationList section */
	};
	rootObject = 5F6294692CEF0F29008D0599 /* Project object */;
}
